
Microsoft Visual Studio Solution File, Format Version 11.00
# Visual Studio 2010
Project("{8BC9CEB8-8B4A-11D0-8D11-00A0C91BC942}") = "core", "core\core.vcxproj", "{1017276B-F91C-4426-8423-28E2E48B391F}"
EndProject
Project("{8BC9CEB8-8B4A-11D0-8D11-00A0C91BC942}") = "lua-5.2.1", "lua-5.2.1\lua-5.2.1.vcxproj", "{58A96FC6-C017-4F92-8DDA-89A22D96FC8E}"
	ProjectSection(ProjectDependencies) = postProject
		{1017276B-F91C-4426-8423-28E2E48B391F} = {1017276B-F91C-4426-8423-28E2E48B391F}
	EndProjectSection
EndProject
Project("{8BC9CEB8-8B4A-11D0-8D11-00A0C91BC942}") = "sample", "sample\sample.vcxproj", "{94F73E47-C1D8-4937-A9B0-8BEDC55A20D3}"
	ProjectSection(ProjectDependencies) = postProject
		{1017276B-F91C-4426-8423-28E2E48B391F} = {1017276B-F91C-4426-8423-28E2E48B391F}
		{58A96FC6-C017-4F92-8DDA-89A22D96FC8E} = {58A96FC6-C017-4F92-8DDA-89A22D96FC8E}
	EndProjectSection
EndProject
Project("{8BC9CEB8-8B4A-11D0-8D11-00A0C91BC942}") = "luacpp", "luacpp\luacpp.vcxproj", "{C0455ADD-9287-4877-9B59-9532E4A7D127}"
	ProjectSection(ProjectDependencies) = postProject
		{1017276B-F91C-4426-8423-28E2E48B391F} = {1017276B-F91C-4426-8423-28E2E48B391F}
	EndProjectSection
EndProject
Project("{8BC9CEB8-8B4A-11D0-8D11-00A0C91BC942}") = "luacsp", "luacsp\luacsp.vcxproj", "{9281941B-01D5-4B94-BA72-C670D8DA856D}"
	ProjectSection(ProjectDependencies) = postProject
		{1017276B-F91C-4426-8423-28E2E48B391F} = {1017276B-F91C-4426-8423-28E2E48B391F}
	EndProjectSection
EndProject
Project("{8BC9CEB8-8B4A-11D0-8D11-00A0C91BC942}") = "tests", "tests\tests.vcxproj", "{E9E2EDE7-1393-472D-8EE4-DD973DCF778C}"
	ProjectSection(ProjectDependencies) = postProject
		{9281941B-01D5-4B94-BA72-C670D8DA856D} = {9281941B-01D5-4B94-BA72-C670D8DA856D}
		{1017276B-F91C-4426-8423-28E2E48B391F} = {1017276B-F91C-4426-8423-28E2E48B391F}
		{58A96FC6-C017-4F92-8DDA-89A22D96FC8E} = {58A96FC6-C017-4F92-8DDA-89A22D96FC8E}
		{C0455ADD-9287-4877-9B59-9532E4A7D127} = {C0455ADD-9287-4877-9B59-9532E4A7D127}
	EndProjectSection
EndProject
Project("{8BC9CEB8-8B4A-11D0-8D11-00A0C91BC942}") = "luatest", "luatest\luatest.vcxproj", "{F8615CE4-B490-457A-B57E-2AE7B4548DE3}"
EndProject
Global
	GlobalSection(SolutionConfigurationPlatforms) = preSolution
		Debug|Win32 = Debug|Win32
		Release|Win32 = Release|Win32
	EndGlobalSection
	GlobalSection(ProjectConfigurationPlatforms) = postSolution
		{1017276B-F91C-4426-8423-28E2E48B391F}.Debug|Win32.ActiveCfg = Debug|Win32
		{1017276B-F91C-4426-8423-28E2E48B391F}.Debug|Win32.Build.0 = Debug|Win32
		{1017276B-F91C-4426-8423-28E2E48B391F}.Release|Win32.ActiveCfg = Release|Win32
		{1017276B-F91C-4426-8423-28E2E48B391F}.Release|Win32.Build.0 = Release|Win32
		{58A96FC6-C017-4F92-8DDA-89A22D96FC8E}.Debug|Win32.ActiveCfg = Debug|Win32
		{58A96FC6-C017-4F92-8DDA-89A22D96FC8E}.Debug|Win32.Build.0 = Debug|Win32
		{58A96FC6-C017-4F92-8DDA-89A22D96FC8E}.Release|Win32.ActiveCfg = Release|Win32
		{58A96FC6-C017-4F92-8DDA-89A22D96FC8E}.Release|Win32.Build.0 = Release|Win32
		{94F73E47-C1D8-4937-A9B0-8BEDC55A20D3}.Debug|Win32.ActiveCfg = Debug|Win32
		{94F73E47-C1D8-4937-A9B0-8BEDC55A20D3}.Debug|Win32.Build.0 = Debug|Win32
		{94F73E47-C1D8-4937-A9B0-8BEDC55A20D3}.Release|Win32.ActiveCfg = Release|Win32
		{94F73E47-C1D8-4937-A9B0-8BEDC55A20D3}.Release|Win32.Build.0 = Release|Win32
		{C0455ADD-9287-4877-9B59-9532E4A7D127}.Debug|Win32.ActiveCfg = Debug|Win32
		{C0455ADD-9287-4877-9B59-9532E4A7D127}.Debug|Win32.Build.0 = Debug|Win32
		{C0455ADD-9287-4877-9B59-9532E4A7D127}.Release|Win32.ActiveCfg = Release|Win32
		{C0455ADD-9287-4877-9B59-9532E4A7D127}.Release|Win32.Build.0 = Release|Win32
		{9281941B-01D5-4B94-BA72-C670D8DA856D}.Debug|Win32.ActiveCfg = Debug|Win32
		{9281941B-01D5-4B94-BA72-C670D8DA856D}.Debug|Win32.Build.0 = Debug|Win32
		{9281941B-01D5-4B94-BA72-C670D8DA856D}.Release|Win32.ActiveCfg = Release|Win32
		{9281941B-01D5-4B94-BA72-C670D8DA856D}.Release|Win32.Build.0 = Release|Win32
		{E9E2EDE7-1393-472D-8EE4-DD973DCF778C}.Debug|Win32.ActiveCfg = Debug|Win32
		{E9E2EDE7-1393-472D-8EE4-DD973DCF778C}.Debug|Win32.Build.0 = Debug|Win32
		{E9E2EDE7-1393-472D-8EE4-DD973DCF778C}.Release|Win32.ActiveCfg = Release|Win32
		{E9E2EDE7-1393-472D-8EE4-DD973DCF778C}.Release|Win32.Build.0 = Release|Win32
		{F8615CE4-B490-457A-B57E-2AE7B4548DE3}.Debug|Win32.ActiveCfg = Debug|Win32
		{F8615CE4-B490-457A-B57E-2AE7B4548DE3}.Debug|Win32.Build.0 = Debug|Win32
		{F8615CE4-B490-457A-B57E-2AE7B4548DE3}.Release|Win32.ActiveCfg = Release|Win32
		{F8615CE4-B490-457A-B57E-2AE7B4548DE3}.Release|Win32.Build.0 = Release|Win32
	EndGlobalSection
	GlobalSection(SolutionProperties) = preSolution
		HideSolutionNode = FALSE
	EndGlobalSection
EndGlobal
