<?xml version="1.0" encoding="utf-8"?>
<Project ToolsVersion="4.0" xmlns="http://schemas.microsoft.com/developer/msbuild/2003">
  <ItemGroup>
    <ClCompile Include="sample.cpp" />
    <ClCompile Include="cppchannel.cpp" />
  </ItemGroup>
  <ItemGroup>
    <Filter Include="lua">
      <UniqueIdentifier>{fb3b1e06-c1e1-4572-b4b6-94f28fbe837c}</UniqueIdentifier>
    </Filter>
  </ItemGroup>
  <ItemGroup>
    <None Include="lua\test1.lua">
      <Filter>lua</Filter>
    </None>
  </ItemGroup>
  <ItemGroup>
    <ClInclude Include="cppchannel.h" />
  </ItemGroup>
</Project>